{
    "_meta": {
        "hash": {
            "sha256": "46bdd2167c3d19cdb833d77840c14699b1352cbbad3ce7de6717396b8735f0db"
        },
        "pipfile-spec": 6,
        "requires": {
            "python_version": "3.7"
        },
        "sources": [
            {
                "name": "pypi",
                "url": "https://pypi.python.org/simple",
                "verify_ssl": true
            }
        ]
    },
    "default": {
        "beautifulsoup4": {
            "hashes": [
                "sha256:194ec62a25438adcb3fdb06378b26559eda1ea8a747367d34c33cef9c7f48d57",
                "sha256:90f8e61121d6ae58362ce3bed8cd997efb00c914eae0ff3d363c32f9a9822d10",
                "sha256:f0abd31228055d698bb392a826528ea08ebb9959e6bea17c606fd9c9009db938"
            ],
            "index": "pypi",
            "version": "==4.6.3"
        },
        "certifi": {
            "hashes": [
                "sha256:339dc09518b07e2fa7eda5450740925974815557727d6bd35d319c1524a04a4c",
                "sha256:6d58c986d22b038c8c0df30d639f23a3e6d172a05c3583e766f4c0b785c0986a"
            ],
            "version": "==2018.10.15"
        },
        "chardet": {
            "hashes": [
                "sha256:84ab92ed1c4d4f16916e05906b6b75a6c0fb5db821cc65e70cbd64a3e2a5eaae",
                "sha256:fc323ffcaeaed0e0a02bf4d117757b98aed530d9ed4531e3e15460124c106691"
            ],
            "version": "==3.0.4"
        },
        "idna": {
            "hashes": [
                "sha256:156a6814fb5ac1fc6850fb002e0852d56c0c8d2531923a51032d1b70760e186e",
                "sha256:684a38a6f903c1d71d6d5fac066b58d7768af4de2b832e426ec79c30daa94a16"
            ],
            "version": "==2.7"
        },
        "praw": {
            "hashes": [
                "sha256:ccd3463c838d912073c82cc226f7d62fb01aecf2f33dff3f0456afc688f45376",
                "sha256:ead6a4cce623f9a5093965a98e4f4bb5463920c8e4a5caf19098c585d06bb507"
            ],
            "index": "pypi",
            "version": "==6.0.0"
        },
        "prawcore": {
            "hashes": [
                "sha256:00bb9d61b5653a4614dce22eabe312e565aac08619d23a961bdcaf32367ed69a",
                "sha256:a9e84be5c58daf62dc5f8f11563bf63484066d0f6e60a07be33678a8ccab804b"
            ],
            "version": "==1.0.0"
        },
        "requests": {
            "hashes": [
                "sha256:99dcfdaaeb17caf6e526f32b6a7b780461512ab3f1d992187801694cba42770c",
                "sha256:a84b8c9ab6239b578f22d1c21d51b696dcfe004032bb80ea832398d6909d7279"
            ],
            "index": "pypi",
            "version": "==2.20.0"
        },
        "ruamel.yaml": {
            "hashes": [
                "sha256:1c356bb5170bde7c68c821fcc88454b4ba75bd4b4297be36323541df5f6f8b06",
                "sha256:33af81c7788d211c126d4260b68dac275fb2951a680cb7275712287115618038",
                "sha256:34be9e17c88a75745b69d5e7bcf032489dff1a2c5115b15e87627bc198f9399e",
                "sha256:38cef57bb452910c2934670c654cf3940fc49d29106b9863ff23ab85cc30090d",
                "sha256:45c74fcf568ddd86406cf19fbc67b7ef0bbba518bbb234cb4a2c4336fcf48f1b",
                "sha256:4bbd2a687f5985b29705a86ace42aa93ad51af8fb36b6e7966a8e59f4c26ca2e",
                "sha256:5a7a0495bda49e7ef16bb5729fbb493f1fcc9e2a09c0d07dc14fb35505bf43bd",
                "sha256:603a460b93c58f1f227eb642704813579f4078f6a34cbf6314e6ff57f67a3dea",
                "sha256:64060398e222ca0d9243e6399f1d485bbcda2138b1e91cb642aaa721f7709388",
                "sha256:74eeb80b34f6e4d5f7309486f61392dbc651f775fd48555a236dafeb8b5e1b88",
                "sha256:7bcea1eccd35c529261d1a977e6866899227056314f3307e5de4e95fa0cc813f",
                "sha256:8e3a6c731d7d3f7f5772a3d2a4d7900ad569024d13526229a4342e11c18b4990",
                "sha256:8e6731c5c5b202c15bc6177197fd11d3dda71f3561a7646e350eef01a621907a",
                "sha256:8fce426d9dbf31a663ec50e7fe0d5381b68d2d61dbba6189cd0117b45e02119d",
                "sha256:930b733932edf78c578a7dae4b1549958bdb8a8d7a5eee1b4956aefc487ff6fd",
                "sha256:a37f66cf8f52facf4f048d927778ea03f524ebdb512c0f4a8f3defff4c12dbbb",
                "sha256:be7b840ebd8e04c5823d7d05d9b069a0010feb46622ae0c89d8a988800a1fa49",
                "sha256:cb81dd4ffb7a407b65d62e3c0082e839197e2f605395e2fd90d1be1f19abe7d0",
                "sha256:d679ea9c2c31b16acde4fa7dfe7b9c5664fd8bd909ece72fb31d740c153e4100",
                "sha256:d70b2a26cae58ee1179dcbe1fc39c4d3a0b672fc1a11a7f6c64806653b333212",
                "sha256:e33ac3a95aac3a338f2f6b17ea9e2540bb21b74394ca50fd51136498077cdaf8",
                "sha256:f08333ad3186198aaf527e6e565a83cf641a3ebc28a10094e31f52a14ce94391"
            ],
            "index": "pypi",
            "version": "==0.15.74"
        },
        "six": {
            "hashes": [
                "sha256:70e8a77beed4562e7f14fe23a786b54f6296e34344c23bc42f07b15018ff98e9",
                "sha256:832dc0e10feb1aa2c68dcc57dbb658f1c7e65b9b61af69048abc87a2db00a0eb"
            ],
            "version": "==1.11.0"
        },
        "slackclient": {
            "hashes": [
                "sha256:4d5f2d5b05a8fa717b745efa934d0a4240dfc8442f169fb2a8af4e5adb8297ad",
                "sha256:d06b2105a1044651a7dcefe77c24cade6ae7c98ff53422e970634e62862e7bf3"
            ],
            "index": "pypi",
            "version": "==1.3.0"
        },
        "tqdm": {
            "hashes": [
                "sha256:3c4d4a5a41ef162dd61f1edb86b0e1c7859054ab656b2e7c7b77e7fbf6d9f392",
                "sha256:5b4d5549984503050883bc126280b386f5f4ca87e6c023c5d015655ad75bdebb"
            ],
            "index": "pypi",
            "version": "==4.28.1"
        },
        "tweepy": {
            "git": "https://github.com/tweepy/tweepy",
            "ref": "7ae8019cda4cbc3a16eeb8cc63c95f316290f109"
        },
        "update-checker": {
            "hashes": [
                "sha256:59cfad7f9a0ee99f95f1dfc60f55bf184937bcab46a7270341c2c33695572453",
                "sha256:70e39446fccf77b21192cf7a8214051fa93a636dc3b5c8b602b589d100a168b8"
            ],
            "markers": "python_version != '3.1.*' and python_version < '4' and python_version != '3.3.*' and python_version >= '2.6' and python_version != '3.2.*' and python_version != '3.0.*'",
            "version": "==0.16"
        },
        "urllib3": {
            "hashes": [
                "sha256:a68ac5e15e76e7e5dd2b8f94007233e01effe3e50e8daddf69acfd81cb686baf",
                "sha256:b5725a0bd4ba422ab0e66e89e030c806576753ea3ee08554382c14e685d117b5"
            ],
            "markers": "python_version != '3.1.*' and python_version < '4' and python_version != '3.3.*' and python_version >= '2.6' and python_version != '3.2.*' and python_version != '3.0.*'",
            "version": "==1.23"
        },
        "websocket-client": {
            "hashes": [
                "sha256:c42b71b68f9ef151433d6dcc6a7cb98ac72d2ad1e3a74981ca22bc5d9134f166",
                "sha256:f5889b1d0a994258cfcbc8f2dc3e457f6fc7b32a8d74873033d12e4eab4bdf63"
            ],
            "version": "==0.53.0"
        }
    },
    "develop": {}
}
