{
    "_meta": {
        "hash": {
            "sha256": "b8ef41ce96905cf281d9e63a96870df5c1c6cf338a4eb05279ca291036739617"
        },
        "pipfile-spec": 6,
        "requires": {
            "python_version": "3.6"
        },
        "sources": [
            {
                "name": "pypi",
                "url": "https://pypi.python.org/simple",
                "verify_ssl": true
            }
        ]
    },
    "default": {
        "certifi": {
            "hashes": [
                "sha256:13e698f54293db9f89122b0581843a782ad0934a4fe0172d2a980ba77fc61bb7",
                "sha256:9fa520c1bacfb634fa7af20a76bcbd3d5fb390481724c597da32c719a7dca4b0"
            ],
            "version": "==2018.4.16"
        },
        "chardet": {
            "hashes": [
                "sha256:84ab92ed1c4d4f16916e05906b6b75a6c0fb5db821cc65e70cbd64a3e2a5eaae",
                "sha256:fc323ffcaeaed0e0a02bf4d117757b98aed530d9ed4531e3e15460124c106691"
            ],
            "version": "==3.0.4"
        },
        "idna": {
            "hashes": [
                "sha256:156a6814fb5ac1fc6850fb002e0852d56c0c8d2531923a51032d1b70760e186e",
                "sha256:684a38a6f903c1d71d6d5fac066b58d7768af4de2b832e426ec79c30daa94a16"
            ],
            "version": "==2.7"
        },
        "praw": {
            "hashes": [
                "sha256:04dc118381383dc5d2ae7a16e23d074fb42abe49659a9777828c062fc90780b7",
                "sha256:e4196a2ec10b758785e293d2cf6f25c5f97c8021b9314fd81797492815639cbd"
            ],
            "index": "pypi",
            "version": "==5.4.0"
        },
        "prawcore": {
            "hashes": [
                "sha256:a8b6fda0d1f8f3135e888e4257a4e338e9866c39262031cd5a8cb91f9024f64b",
                "sha256:cc5c32ee8c1d1de212ade0ea319a21d3448cb151cb1ccb7335ba76ca96cf8f37"
            ],
            "version": "==0.14.0"
        },
        "requests": {
            "hashes": [
                "sha256:421cfc8d9dde7d6aff68196420afd86b88c65d77d8da9cf83f4ecad785d7b9d6",
                "sha256:cc408268d0e21589bcc2b2c248e42932b8c4d112f499c12c92e99e2178a6134c"
            ],
            "index": "pypi",
            "version": "==2.19.0"
        },
        "ruamel.yaml": {
            "hashes": [
                "sha256:08e5fe95231ab901f969c4840035906fb2e52d40f4f1eb7f1a5f2587b60d445b",
                "sha256:0a6cd7e5171c2ea286a2c66d0198d972c609d82d94f9a055d2510bf0e13c5d48",
                "sha256:0b375da0c5e1682068b0c570ff0a83371c7e2d70731bdc50639273f1bc96d7a9",
                "sha256:18f90a4ecbcf74429bacac13a79b8754f3f1e6d595bfdc7d9ed87d92110b23dc",
                "sha256:2efec6ec310ef42ebf6b01135e8a3d282562a3e300156e3a2c08d8e9fc830aaa",
                "sha256:35769288452ad3d2b0e2c135f87e48b9c6f106d2a00dbde0c881b4c905a27179",
                "sha256:4915133b0b6b98bf175f340801d7848ec4bcdf2cae32e8dc13b7cab7d70363c3",
                "sha256:613acf5aa8fd828929e71a1d11f6ae8d95086cd54e5bc6d0dd8fa8d8368bd157",
                "sha256:6969104259735f11c9e5a24c91d2a0f2174329c66be155d86bc387908297fe9d",
                "sha256:743513c3bc59705caf2fdb77f71b3af539db4418a6df97f3751ac9dfc63e77c8",
                "sha256:7658c153b9afee7e34f3eeac4b054d649eb439969916da5b8ece4923c9da4267",
                "sha256:8713ea70426fa55dc0baccb473e9a20f359cdabab02921e2f901a13089bec7e5",
                "sha256:9411b1fd59c95456dc11ec64f3f30b11069a2685c3c4e0ad3e1138c92624b7af",
                "sha256:9cfe020d40c0b1f0084190bcdfbc9cdf1c994d2e2f758c2d1dcdbcfe407b5669",
                "sha256:a1bfec1f4319f7fe8bace586b5830550708333065f3ca24ea9c44a9b4b598c9f",
                "sha256:a1e2a5730e1fd9036ce5563ea999ccb43a2ff360b7a9c4b13eff8e56e8660431",
                "sha256:e1bcd48febee5abb2fb9fe6706870b5c4c5f4b7115b5ba87acadf17a658dae89",
                "sha256:e7176691ec66eecdfccf921a9b42f1d7bbb22aa6e9ccde3dc0eb959ac17415d0"
            ],
            "index": "pypi",
            "version": "==0.15.38"
        },
        "six": {
            "hashes": [
                "sha256:70e8a77beed4562e7f14fe23a786b54f6296e34344c23bc42f07b15018ff98e9",
                "sha256:832dc0e10feb1aa2c68dcc57dbb658f1c7e65b9b61af69048abc87a2db00a0eb"
            ],
            "version": "==1.11.0"
        },
        "slackclient": {
            "hashes": [
                "sha256:8eb643b97445631eccc1d8d4d8d7ac606dd0485c82e7d649b78b757ec7b92fdd",
                "sha256:e9de0c893e8c5473107f5927ae1e543d35246f0c834f5e86470b22b762211577"
            ],
            "index": "pypi",
            "version": "==1.2.1"
        },
        "tqdm": {
            "hashes": [
                "sha256:224291ee0d8c52d91b037fd90806f48c79bcd9994d3b0abc9e44b946a908fccd",
                "sha256:77b8424d41b31e68f437c6dd9cd567aebc9a860507cb42fbd880a5f822d966fe"
            ],
            "index": "pypi",
            "version": "==4.23.4"
        },
        "update-checker": {
            "hashes": [
                "sha256:59cfad7f9a0ee99f95f1dfc60f55bf184937bcab46a7270341c2c33695572453",
                "sha256:70e39446fccf77b21192cf7a8214051fa93a636dc3b5c8b602b589d100a168b8"
            ],
            "version": "==0.16"
        },
        "urllib3": {
            "hashes": [
                "sha256:a68ac5e15e76e7e5dd2b8f94007233e01effe3e50e8daddf69acfd81cb686baf",
                "sha256:b5725a0bd4ba422ab0e66e89e030c806576753ea3ee08554382c14e685d117b5"
            ],
            "version": "==1.23"
        },
        "websocket-client": {
            "hashes": [
                "sha256:18f1170e6a1b5463986739d9fd45c4308b0d025c1b2f9b88788d8f69e8a5eb4a",
                "sha256:db70953ae4a064698b27ae56dcad84d0ee68b7b43cb40940f537738f38f510c1"
            ],
            "version": "==0.48.0"
        }
    },
    "develop": {
        "tqdm": {
            "hashes": [
                "sha256:224291ee0d8c52d91b037fd90806f48c79bcd9994d3b0abc9e44b946a908fccd",
                "sha256:77b8424d41b31e68f437c6dd9cd567aebc9a860507cb42fbd880a5f822d966fe"
            ],
            "index": "pypi",
            "version": "==4.23.4"
        }
    }
}
